<?xml version="1.0" encoding="utf-8"?>
<Project ToolsVersion="4.0" xmlns="http://schemas.microsoft.com/developer/msbuild/2003">
  <ItemGroup>
    <Filter Include="源文件">
      <UniqueIdentifier>{4FC737F1-C7A5-4376-A066-2A32D752A2FF}</UniqueIdentifier>
      <Extensions>cpp;c;cc;cxx;def;odl;idl;hpj;bat;asm;asmx</Extensions>
    </Filter>
    <Filter Include="头文件">
      <UniqueIdentifier>{93995380-89BD-4b04-88EB-625FBE52EBFB}</UniqueIdentifier>
      <Extensions>h;hh;hpp;hxx;hm;inl;inc;xsd</Extensions>
    </Filter>
    <Filter Include="资源文件">
      <UniqueIdentifier>{67DA6AB6-F800-4c08-8B7A-83BB121AAD01}</UniqueIdentifier>
      <Extensions>rc;ico;cur;bmp;dlg;rc2;rct;bin;rgs;gif;jpg;jpeg;jpe;resx;tiff;tif;png;wav;mfcribbon-ms</Extensions>
    </Filter>
  </ItemGroup>
  <ItemGroup>
    <ClInclude Include="SourceCode\All.h">
      <Filter>头文件</Filter>
    </ClInclude>
    <ClInclude Include="SourceCode\ARP.h">
      <Filter>头文件</Filter>
    </ClInclude>
    <ClInclude Include="SourceCode\Basic.h">
      <Filter>头文件</Filter>
    </ClInclude>
    <ClInclude Include="SourceCode\DataTypeDef.h">
      <Filter>头文件</Filter>
    </ClInclude>
    <ClInclude Include="SourceCode\Ethernet.h">
      <Filter>头文件</Filter>
    </ClInclude>
    <ClInclude Include="SourceCode\heap_5.h">
      <Filter>头文件</Filter>
    </ClInclude>
    <ClInclude Include="SourceCode\IP.h">
      <Filter>头文件</Filter>
    </ClInclude>
    <ClInclude Include="SourceCode\NetworkBuff.h">
      <Filter>头文件</Filter>
    </ClInclude>
    <ClInclude Include="SourceCode\Socket.h">
      <Filter>头文件</Filter>
    </ClInclude>
    <ClInclude Include="SourceCode\TCP.h">
      <Filter>头文件</Filter>
    </ClInclude>
    <ClInclude Include="SourceCode\TCP_Task.h">
      <Filter>头文件</Filter>
    </ClInclude>
    <ClInclude Include="SourceCode\TCP_WIN.h">
      <Filter>头文件</Filter>
    </ClInclude>
    <ClInclude Include="SourceCode\UDP.h">
      <Filter>头文件</Filter>
    </ClInclude>
    <ClInclude Include="SourceCode\DHCP.h">
      <Filter>头文件</Filter>
    </ClInclude>
    <ClInclude Include="SourceCode\ICMP.h">
      <Filter>头文件</Filter>
    </ClInclude>
    <ClInclude Include="SourceCode\Config.h">
      <Filter>头文件</Filter>
    </ClInclude>
  </ItemGroup>
  <ItemGroup>
    <ClCompile Include="SourceCode\ARP.c">
      <Filter>源文件</Filter>
    </ClCompile>
    <ClCompile Include="SourceCode\Basic.c">
      <Filter>源文件</Filter>
    </ClCompile>
    <ClCompile Include="SourceCode\Ethernet.c">
      <Filter>源文件</Filter>
    </ClCompile>
    <ClCompile Include="SourceCode\heap_5.c">
      <Filter>源文件</Filter>
    </ClCompile>
    <ClCompile Include="SourceCode\IP.c">
      <Filter>源文件</Filter>
    </ClCompile>
    <ClCompile Include="SourceCode\Main.cpp">
      <Filter>源文件</Filter>
    </ClCompile>
    <ClCompile Include="SourceCode\NetworkBuff.c">
      <Filter>源文件</Filter>
    </ClCompile>
    <ClCompile Include="SourceCode\Socket.c">
      <Filter>源文件</Filter>
    </ClCompile>
    <ClCompile Include="SourceCode\TCP.c">
      <Filter>源文件</Filter>
    </ClCompile>
    <ClCompile Include="SourceCode\TCP_Task.cpp">
      <Filter>源文件</Filter>
    </ClCompile>
    <ClCompile Include="SourceCode\TCP_WIN.c">
      <Filter>源文件</Filter>
    </ClCompile>
    <ClCompile Include="SourceCode\UDP.c">
      <Filter>源文件</Filter>
    </ClCompile>
    <ClCompile Include="SourceCode\DHCP.c">
      <Filter>源文件</Filter>
    </ClCompile>
    <ClCompile Include="SourceCode\ICMP.c">
      <Filter>源文件</Filter>
    </ClCompile>
  </ItemGroup>
</Project>